
Microsoft Visual Studio Solution File, Format Version 12.00
# Visual Studio Version 16
VisualStudioVersion = 16.0.30804.86
MinimumVisualStudioVersion = 10.0.40219.1
Project("{FAE04EC0-301F-11D3-BF4B-00C04F79EFBC}") = "Slack.NetStandard.Endpoint.HttpRequest", "Slack.NetStandard.Endpoint.HttpRequest\Slack.NetStandard.Endpoint.HttpRequest.csproj", "{C1B45E5F-5474-4514-926D-9AF73EAF008F}"
EndProject
Project("{2150E333-8FDC-42A3-9474-1A3956D46DE8}") = "Solution Items", "Solution Items", "{D65DCA2D-8467-4BBD-96B8-28E11CFF2CCE}"
	ProjectSection(SolutionItems) = preProject
		README.md = README.md
	EndProjectSection
EndProject
Project("{FAE04EC0-301F-11D3-BF4B-00C04F79EFBC}") = "Slack.NetStandard.Endpoint.HttpRequest.Tests", "Slack.NetStandard.Endpoint.HttpRequest.Tests\Slack.NetStandard.Endpoint.HttpRequest.Tests.csproj", "{4C189EAF-3F9B-4FB3-A47F-341705F299B2}"
EndProject
Global
	GlobalSection(SolutionConfigurationPlatforms) = preSolution
		Debug|Any CPU = Debug|Any CPU
		Release|Any CPU = Release|Any CPU
	EndGlobalSection
	GlobalSection(ProjectConfigurationPlatforms) = postSolution
		{C1B45E5F-5474-4514-926D-9AF73EAF008F}.Debug|Any CPU.ActiveCfg = Debug|Any CPU
		{C1B45E5F-5474-4514-926D-9AF73EAF008F}.Debug|Any CPU.Build.0 = Debug|Any CPU
		{C1B45E5F-5474-4514-926D-9AF73EAF008F}.Release|Any CPU.ActiveCfg = Release|Any CPU
		{C1B45E5F-5474-4514-926D-9AF73EAF008F}.Release|Any CPU.Build.0 = Release|Any CPU
		{4C189EAF-3F9B-4FB3-A47F-341705F299B2}.Debug|Any CPU.ActiveCfg = Debug|Any CPU
		{4C189EAF-3F9B-4FB3-A47F-341705F299B2}.Debug|Any CPU.Build.0 = Debug|Any CPU
		{4C189EAF-3F9B-4FB3-A47F-341705F299B2}.Release|Any CPU.ActiveCfg = Release|Any CPU
		{4C189EAF-3F9B-4FB3-A47F-341705F299B2}.Release|Any CPU.Build.0 = Release|Any CPU
	EndGlobalSection
	GlobalSection(SolutionProperties) = preSolution
		HideSolutionNode = FALSE
	EndGlobalSection
	GlobalSection(ExtensibilityGlobals) = postSolution
		SolutionGuid = {3C151AF3-2154-4FB8-8A9D-B12E2E1F0D77}
	EndGlobalSection
EndGlobal
